
Microsoft Visual Studio Solution File, Format Version 12.00
# Visual Studio Version 16
VisualStudioVersion = 16.0.30225.117
MinimumVisualStudioVersion = 10.0.40219.1
Project("{FAE04EC0-301F-11D3-BF4B-00C04F79EFBC}") = "NUnitProject", "NUnitProject\NUnitProject.csproj", "{7D0DE2C5-CBA8-43B4-9790-ED1017B3E016}"
EndProject
Global
	GlobalSection(SolutionConfigurationPlatforms) = preSolution
		Debug|Any CPU = Debug|Any CPU
		Release|Any CPU = Release|Any CPU
	EndGlobalSection
	GlobalSection(ProjectConfigurationPlatforms) = postSolution
		{7D0DE2C5-CBA8-43B4-9790-ED1017B3E016}.Debug|Any CPU.ActiveCfg = Debug|Any CPU
		{7D0DE2C5-CBA8-43B4-9790-ED1017B3E016}.Debug|Any CPU.Build.0 = Debug|Any CPU
		{7D0DE2C5-CBA8-43B4-9790-ED1017B3E016}.Release|Any CPU.ActiveCfg = Release|Any CPU
		{7D0DE2C5-CBA8-43B4-9790-ED1017B3E016}.Release|Any CPU.Build.0 = Release|Any CPU
	EndGlobalSection
	GlobalSection(SolutionProperties) = preSolution
		HideSolutionNode = FALSE
	EndGlobalSection
	GlobalSection(ExtensibilityGlobals) = postSolution
		SolutionGuid = {BDA15358-14C3-4CB1-AF06-7A7CE851B14B}
	EndGlobalSection
EndGlobal
